
Microsoft Visual Studio Solution File, Format Version 12.00
# Visual Studio 15
VisualStudioVersion = 15.0.27703.2042
MinimumVisualStudioVersion = 10.0.40219.1
Project("{FAE04EC0-301F-11D3-BF4B-00C04F79EFBC}") = "ContosoUniversity", "ContosoUniversity\ContosoUniversity.csproj", "{2E368B0F-86BE-4F5E-9475-673C141F6700}"
EndProject
Global
	GlobalSection(SolutionConfigurationPlatforms) = preSolution
		Debug|Any CPU = Debug|Any CPU
		Release|Any CPU = Release|Any CPU
	EndGlobalSection
	GlobalSection(ProjectConfigurationPlatforms) = postSolution
		{2E368B0F-86BE-4F5E-9475-673C141F6700}.Debug|Any CPU.ActiveCfg = Debug|Any CPU
		{2E368B0F-86BE-4F5E-9475-673C141F6700}.Debug|Any CPU.Build.0 = Debug|Any CPU
		{2E368B0F-86BE-4F5E-9475-673C141F6700}.Release|Any CPU.ActiveCfg = Release|Any CPU
		{2E368B0F-86BE-4F5E-9475-673C141F6700}.Release|Any CPU.Build.0 = Release|Any CPU
	EndGlobalSection
	GlobalSection(SolutionProperties) = preSolution
		HideSolutionNode = FALSE
	EndGlobalSection
	GlobalSection(ExtensibilityGlobals) = postSolution
		SolutionGuid = {320D0F45-2346-43F8-A74C-043050BAB5F2}
	EndGlobalSection
EndGlobal
